
Microsoft Visual Studio Solution File, Format Version 12.00
# Visual Studio 15
VisualStudioVersion = 15.0.27703.2047
MinimumVisualStudioVersion = 10.0.40219.1
Project("{FAE04EC0-301F-11D3-BF4B-00C04F79EFBC}") = "ejercicio_01", "ejercicio 01\ejercicio_01.csproj", "{16D0F41D-5A8D-41A2-8D16-C7C29AF340B2}"
EndProject
Project("{FAE04EC0-301F-11D3-BF4B-00C04F79EFBC}") = "ejercicio 01,01", "ejercicio 01,01\ejercicio 01,01.csproj", "{6A79A870-5CCE-42DF-9009-B7E079F275AF}"
EndProject
Project("{FAE04EC0-301F-11D3-BF4B-00C04F79EFBC}") = "ejercicio_02", "ejercicio_02\ejercicio_02.csproj", "{0749815D-7536-4110-B2EC-2057F4D5D7FD}"
EndProject
Project("{FAE04EC0-301F-11D3-BF4B-00C04F79EFBC}") = "ejercicio_03", "ejercicio 03\ejercicio_03.csproj", "{D1B76E4D-6994-4ADD-8C2D-CB2502801993}"
EndProject
Project("{FAE04EC0-301F-11D3-BF4B-00C04F79EFBC}") = "ejercicio_04", "ejercicio 04\ejercicio_04.csproj", "{A48970F9-F448-4D5A-B88D-F9EA3CED0602}"
EndProject
Project("{FAE04EC0-301F-11D3-BF4B-00C04F79EFBC}") = "ejercicio_05", "ejercicio 05\ejercicio_05.csproj", "{4AC0DD55-1EDE-4AC7-AE6F-B77754BF9125}"
EndProject
Project("{FAE04EC0-301F-11D3-BF4B-00C04F79EFBC}") = "ejercicio_06", "ejercicio_06\ejercicio_06.csproj", "{DF466A9B-26A0-47F9-9444-3872B02888E9}"
EndProject
Project("{FAE04EC0-301F-11D3-BF4B-00C04F79EFBC}") = "clase_03", "clase_03\clase_03.csproj", "{649539D0-F155-46FB-B5E3-98D4B0954B91}"
EndProject
Project("{FAE04EC0-301F-11D3-BF4B-00C04F79EFBC}") = "ejercicio_16", "ejercicio_16\ejercicio_16.csproj", "{2F508309-89AB-454C-BF11-33C54609FD27}"
EndProject
Project("{FAE04EC0-301F-11D3-BF4B-00C04F79EFBC}") = "Clase_02", "Clase_02\Clase_02.csproj", "{F3982A13-FB2E-4027-85B7-7EA29DCDD118}"
EndProject
Project("{FAE04EC0-301F-11D3-BF4B-00C04F79EFBC}") = "Clase_02_Entidades", "Clase_02_Entidades\Clase_02_Entidades.csproj", "{B8BBFFB7-D581-4D47-A370-E176EE89B839}"
EndProject
Project("{FAE04EC0-301F-11D3-BF4B-00C04F79EFBC}") = "ejercicio_07", "ejercicio_07\ejercicio_07.csproj", "{C16737B9-972A-4F32-B81E-49E3C334922E}"
EndProject
Project("{FAE04EC0-301F-11D3-BF4B-00C04F79EFBC}") = "clase_04", "clase_04\clase_04.csproj", "{90A9387E-4620-4D4F-BFF4-24247B1314FA}"
EndProject
Project("{FAE04EC0-301F-11D3-BF4B-00C04F79EFBC}") = "clase_04.entidades", "clase_04.entidades\clase_04.entidades.csproj", "{94B211DD-8E46-4C6C-A588-26FD158CA1B0}"
EndProject
Project("{FAE04EC0-301F-11D3-BF4B-00C04F79EFBC}") = "clase_04.WindowsForm", "clase_04.WindowsForm\clase_04.WindowsForm.csproj", "{7D67F5FB-B8FE-4E57-BB10-E5A9D189399D}"
EndProject
Project("{FAE04EC0-301F-11D3-BF4B-00C04F79EFBC}") = "clase_06", "clase_06\clase_06.csproj", "{8BE7E7BA-291F-4FDF-B38F-5899F476D146}"
EndProject
Project("{FAE04EC0-301F-11D3-BF4B-00C04F79EFBC}") = "clase_06.entidades", "clase_06.entidades\clase_06.entidades.csproj", "{E733796D-A6DD-46D1-9F12-7A7CA5A0625D}"
EndProject
Project("{FAE04EC0-301F-11D3-BF4B-00C04F79EFBC}") = "clase_07", "clase_07\clase_07.csproj", "{7573A6D9-BEFF-4A3B-B680-4A1D6CEC9FBA}"
EndProject
Project("{FAE04EC0-301F-11D3-BF4B-00C04F79EFBC}") = "clase_09", "clase_09\clase_09.csproj", "{B725538B-EA92-46F2-B63A-9D1F3E5A6646}"
EndProject
Project("{FAE04EC0-301F-11D3-BF4B-00C04F79EFBC}") = "clase_09.entidades", "clase_09.entidades\clase_09.entidades.csproj", "{AD9259C8-3D2F-4BF3-AA2E-F71601F4D386}"
EndProject
Global
	GlobalSection(SolutionConfigurationPlatforms) = preSolution
		Debug|Any CPU = Debug|Any CPU
		Release|Any CPU = Release|Any CPU
	EndGlobalSection
	GlobalSection(ProjectConfigurationPlatforms) = postSolution
		{16D0F41D-5A8D-41A2-8D16-C7C29AF340B2}.Debug|Any CPU.ActiveCfg = Debug|Any CPU
		{16D0F41D-5A8D-41A2-8D16-C7C29AF340B2}.Debug|Any CPU.Build.0 = Debug|Any CPU
		{16D0F41D-5A8D-41A2-8D16-C7C29AF340B2}.Release|Any CPU.ActiveCfg = Release|Any CPU
		{16D0F41D-5A8D-41A2-8D16-C7C29AF340B2}.Release|Any CPU.Build.0 = Release|Any CPU
		{6A79A870-5CCE-42DF-9009-B7E079F275AF}.Debug|Any CPU.ActiveCfg = Debug|Any CPU
		{6A79A870-5CCE-42DF-9009-B7E079F275AF}.Debug|Any CPU.Build.0 = Debug|Any CPU
		{6A79A870-5CCE-42DF-9009-B7E079F275AF}.Release|Any CPU.ActiveCfg = Release|Any CPU
		{6A79A870-5CCE-42DF-9009-B7E079F275AF}.Release|Any CPU.Build.0 = Release|Any CPU
		{0749815D-7536-4110-B2EC-2057F4D5D7FD}.Debug|Any CPU.ActiveCfg = Debug|Any CPU
		{0749815D-7536-4110-B2EC-2057F4D5D7FD}.Debug|Any CPU.Build.0 = Debug|Any CPU
		{0749815D-7536-4110-B2EC-2057F4D5D7FD}.Release|Any CPU.ActiveCfg = Release|Any CPU
		{0749815D-7536-4110-B2EC-2057F4D5D7FD}.Release|Any CPU.Build.0 = Release|Any CPU
		{D1B76E4D-6994-4ADD-8C2D-CB2502801993}.Debug|Any CPU.ActiveCfg = Debug|Any CPU
		{D1B76E4D-6994-4ADD-8C2D-CB2502801993}.Debug|Any CPU.Build.0 = Debug|Any CPU
		{D1B76E4D-6994-4ADD-8C2D-CB2502801993}.Release|Any CPU.ActiveCfg = Release|Any CPU
		{D1B76E4D-6994-4ADD-8C2D-CB2502801993}.Release|Any CPU.Build.0 = Release|Any CPU
		{A48970F9-F448-4D5A-B88D-F9EA3CED0602}.Debug|Any CPU.ActiveCfg = Debug|Any CPU
		{A48970F9-F448-4D5A-B88D-F9EA3CED0602}.Debug|Any CPU.Build.0 = Debug|Any CPU
		{A48970F9-F448-4D5A-B88D-F9EA3CED0602}.Release|Any CPU.ActiveCfg = Release|Any CPU
		{A48970F9-F448-4D5A-B88D-F9EA3CED0602}.Release|Any CPU.Build.0 = Release|Any CPU
		{4AC0DD55-1EDE-4AC7-AE6F-B77754BF9125}.Debug|Any CPU.ActiveCfg = Debug|Any CPU
		{4AC0DD55-1EDE-4AC7-AE6F-B77754BF9125}.Debug|Any CPU.Build.0 = Debug|Any CPU
		{4AC0DD55-1EDE-4AC7-AE6F-B77754BF9125}.Release|Any CPU.ActiveCfg = Release|Any CPU
		{4AC0DD55-1EDE-4AC7-AE6F-B77754BF9125}.Release|Any CPU.Build.0 = Release|Any CPU
		{DF466A9B-26A0-47F9-9444-3872B02888E9}.Debug|Any CPU.ActiveCfg = Debug|Any CPU
		{DF466A9B-26A0-47F9-9444-3872B02888E9}.Debug|Any CPU.Build.0 = Debug|Any CPU
		{DF466A9B-26A0-47F9-9444-3872B02888E9}.Release|Any CPU.ActiveCfg = Release|Any CPU
		{DF466A9B-26A0-47F9-9444-3872B02888E9}.Release|Any CPU.Build.0 = Release|Any CPU
		{649539D0-F155-46FB-B5E3-98D4B0954B91}.Debug|Any CPU.ActiveCfg = Debug|Any CPU
		{649539D0-F155-46FB-B5E3-98D4B0954B91}.Debug|Any CPU.Build.0 = Debug|Any CPU
		{649539D0-F155-46FB-B5E3-98D4B0954B91}.Release|Any CPU.ActiveCfg = Release|Any CPU
		{649539D0-F155-46FB-B5E3-98D4B0954B91}.Release|Any CPU.Build.0 = Release|Any CPU
		{2F508309-89AB-454C-BF11-33C54609FD27}.Debug|Any CPU.ActiveCfg = Debug|Any CPU
		{2F508309-89AB-454C-BF11-33C54609FD27}.Debug|Any CPU.Build.0 = Debug|Any CPU
		{2F508309-89AB-454C-BF11-33C54609FD27}.Release|Any CPU.ActiveCfg = Release|Any CPU
		{2F508309-89AB-454C-BF11-33C54609FD27}.Release|Any CPU.Build.0 = Release|Any CPU
		{F3982A13-FB2E-4027-85B7-7EA29DCDD118}.Debug|Any CPU.ActiveCfg = Debug|Any CPU
		{F3982A13-FB2E-4027-85B7-7EA29DCDD118}.Debug|Any CPU.Build.0 = Debug|Any CPU
		{F3982A13-FB2E-4027-85B7-7EA29DCDD118}.Release|Any CPU.ActiveCfg = Release|Any CPU
		{F3982A13-FB2E-4027-85B7-7EA29DCDD118}.Release|Any CPU.Build.0 = Release|Any CPU
		{B8BBFFB7-D581-4D47-A370-E176EE89B839}.Debug|Any CPU.ActiveCfg = Debug|Any CPU
		{B8BBFFB7-D581-4D47-A370-E176EE89B839}.Debug|Any CPU.Build.0 = Debug|Any CPU
		{B8BBFFB7-D581-4D47-A370-E176EE89B839}.Release|Any CPU.ActiveCfg = Release|Any CPU
		{B8BBFFB7-D581-4D47-A370-E176EE89B839}.Release|Any CPU.Build.0 = Release|Any CPU
		{C16737B9-972A-4F32-B81E-49E3C334922E}.Debug|Any CPU.ActiveCfg = Debug|Any CPU
		{C16737B9-972A-4F32-B81E-49E3C334922E}.Debug|Any CPU.Build.0 = Debug|Any CPU
		{C16737B9-972A-4F32-B81E-49E3C334922E}.Release|Any CPU.ActiveCfg = Release|Any CPU
		{C16737B9-972A-4F32-B81E-49E3C334922E}.Release|Any CPU.Build.0 = Release|Any CPU
		{90A9387E-4620-4D4F-BFF4-24247B1314FA}.Debug|Any CPU.ActiveCfg = Debug|Any CPU
		{90A9387E-4620-4D4F-BFF4-24247B1314FA}.Debug|Any CPU.Build.0 = Debug|Any CPU
		{90A9387E-4620-4D4F-BFF4-24247B1314FA}.Release|Any CPU.ActiveCfg = Release|Any CPU
		{90A9387E-4620-4D4F-BFF4-24247B1314FA}.Release|Any CPU.Build.0 = Release|Any CPU
		{94B211DD-8E46-4C6C-A588-26FD158CA1B0}.Debug|Any CPU.ActiveCfg = Debug|Any CPU
		{94B211DD-8E46-4C6C-A588-26FD158CA1B0}.Debug|Any CPU.Build.0 = Debug|Any CPU
		{94B211DD-8E46-4C6C-A588-26FD158CA1B0}.Release|Any CPU.ActiveCfg = Release|Any CPU
		{94B211DD-8E46-4C6C-A588-26FD158CA1B0}.Release|Any CPU.Build.0 = Release|Any CPU
		{7D67F5FB-B8FE-4E57-BB10-E5A9D189399D}.Debug|Any CPU.ActiveCfg = Debug|Any CPU
		{7D67F5FB-B8FE-4E57-BB10-E5A9D189399D}.Debug|Any CPU.Build.0 = Debug|Any CPU
		{7D67F5FB-B8FE-4E57-BB10-E5A9D189399D}.Release|Any CPU.ActiveCfg = Release|Any CPU
		{7D67F5FB-B8FE-4E57-BB10-E5A9D189399D}.Release|Any CPU.Build.0 = Release|Any CPU
		{8BE7E7BA-291F-4FDF-B38F-5899F476D146}.Debug|Any CPU.ActiveCfg = Debug|Any CPU
		{8BE7E7BA-291F-4FDF-B38F-5899F476D146}.Debug|Any CPU.Build.0 = Debug|Any CPU
		{8BE7E7BA-291F-4FDF-B38F-5899F476D146}.Release|Any CPU.ActiveCfg = Release|Any CPU
		{8BE7E7BA-291F-4FDF-B38F-5899F476D146}.Release|Any CPU.Build.0 = Release|Any CPU
		{E733796D-A6DD-46D1-9F12-7A7CA5A0625D}.Debug|Any CPU.ActiveCfg = Debug|Any CPU
		{E733796D-A6DD-46D1-9F12-7A7CA5A0625D}.Debug|Any CPU.Build.0 = Debug|Any CPU
		{E733796D-A6DD-46D1-9F12-7A7CA5A0625D}.Release|Any CPU.ActiveCfg = Release|Any CPU
		{E733796D-A6DD-46D1-9F12-7A7CA5A0625D}.Release|Any CPU.Build.0 = Release|Any CPU
		{7573A6D9-BEFF-4A3B-B680-4A1D6CEC9FBA}.Debug|Any CPU.ActiveCfg = Debug|Any CPU
		{7573A6D9-BEFF-4A3B-B680-4A1D6CEC9FBA}.Debug|Any CPU.Build.0 = Debug|Any CPU
		{7573A6D9-BEFF-4A3B-B680-4A1D6CEC9FBA}.Release|Any CPU.ActiveCfg = Release|Any CPU
		{7573A6D9-BEFF-4A3B-B680-4A1D6CEC9FBA}.Release|Any CPU.Build.0 = Release|Any CPU
		{B725538B-EA92-46F2-B63A-9D1F3E5A6646}.Debug|Any CPU.ActiveCfg = Debug|Any CPU
		{B725538B-EA92-46F2-B63A-9D1F3E5A6646}.Debug|Any CPU.Build.0 = Debug|Any CPU
		{B725538B-EA92-46F2-B63A-9D1F3E5A6646}.Release|Any CPU.ActiveCfg = Release|Any CPU
		{B725538B-EA92-46F2-B63A-9D1F3E5A6646}.Release|Any CPU.Build.0 = Release|Any CPU
		{AD9259C8-3D2F-4BF3-AA2E-F71601F4D386}.Debug|Any CPU.ActiveCfg = Debug|Any CPU
		{AD9259C8-3D2F-4BF3-AA2E-F71601F4D386}.Debug|Any CPU.Build.0 = Debug|Any CPU
		{AD9259C8-3D2F-4BF3-AA2E-F71601F4D386}.Release|Any CPU.ActiveCfg = Release|Any CPU
		{AD9259C8-3D2F-4BF3-AA2E-F71601F4D386}.Release|Any CPU.Build.0 = Release|Any CPU
	EndGlobalSection
	GlobalSection(SolutionProperties) = preSolution
		HideSolutionNode = FALSE
	EndGlobalSection
	GlobalSection(ExtensibilityGlobals) = postSolution
		SolutionGuid = {2B1FBAD0-BCBA-4EEF-8764-A010BB1A5F15}
	EndGlobalSection
EndGlobal
